
Microsoft Visual Studio Solution File, Format Version 12.00
# Visual Studio Version 17
VisualStudioVersion = 17.7.34009.444
MinimumVisualStudioVersion = 10.0.40219.1
Project("{FAE04EC0-301F-11D3-BF4B-00C04F79EFBC}") = "orologio", "orologio\orologio.csproj", "{D9CC2B9C-7176-4AAC-A847-BB25D53129D7}"
EndProject
Global
	GlobalSection(SolutionConfigurationPlatforms) = preSolution
		Debug|Any CPU = Debug|Any CPU
		Release|Any CPU = Release|Any CPU
	EndGlobalSection
	GlobalSection(ProjectConfigurationPlatforms) = postSolution
		{D9CC2B9C-7176-4AAC-A847-BB25D53129D7}.Debug|Any CPU.ActiveCfg = Debug|Any CPU
		{D9CC2B9C-7176-4AAC-A847-BB25D53129D7}.Debug|Any CPU.Build.0 = Debug|Any CPU
		{D9CC2B9C-7176-4AAC-A847-BB25D53129D7}.Release|Any CPU.ActiveCfg = Release|Any CPU
		{D9CC2B9C-7176-4AAC-A847-BB25D53129D7}.Release|Any CPU.Build.0 = Release|Any CPU
	EndGlobalSection
	GlobalSection(SolutionProperties) = preSolution
		HideSolutionNode = FALSE
	EndGlobalSection
	GlobalSection(ExtensibilityGlobals) = postSolution
		SolutionGuid = {ED774415-F958-4FA1-9D85-7FDC9504DE68}
	EndGlobalSection
EndGlobal
